
Microsoft Visual Studio Solution File, Format Version 12.00
# Visual Studio 15
VisualStudioVersion = 15.0.27130.2036
MinimumVisualStudioVersion = 10.0.40219.1
Project("{2150E333-8FDC-42A3-9474-1A3956D46DE8}") = "Solution Items", "Solution Items", "{D468E9FA-E02A-4F93-913A-AC1542F4DA5A}"
	ProjectSection(SolutionItems) = preProject
		ApiAi\ApiAi.nuspec = ApiAi\ApiAi.nuspec
		LICENSE = LICENSE
		ApiAi\nuget_icon.png = ApiAi\nuget_icon.png
		ApiAi\nuget_pack.bat = ApiAi\nuget_pack.bat
		README.md = README.md
	EndProjectSection
EndProject
Project("{FAE04EC0-301F-11D3-BF4B-00C04F79EFBC}") = "ApiAi", "ApiAi\ApiAi.csproj", "{D6FE747B-D9E1-403B-9E3B-04D4A64A1560}"
EndProject
Project("{FAE04EC0-301F-11D3-BF4B-00C04F79EFBC}") = "ApiAi.Tests", "ApiAi.Tests\ApiAi.Tests.csproj", "{31BF71BA-B4F0-4B66-B8AE-1078B1F29DFF}"
EndProject
Global
	GlobalSection(SolutionConfigurationPlatforms) = preSolution
		Debug|Any CPU = Debug|Any CPU
		Release|Any CPU = Release|Any CPU
	EndGlobalSection
	GlobalSection(ProjectConfigurationPlatforms) = postSolution
		{D6FE747B-D9E1-403B-9E3B-04D4A64A1560}.Debug|Any CPU.ActiveCfg = Debug|Any CPU
		{D6FE747B-D9E1-403B-9E3B-04D4A64A1560}.Debug|Any CPU.Build.0 = Debug|Any CPU
		{D6FE747B-D9E1-403B-9E3B-04D4A64A1560}.Release|Any CPU.ActiveCfg = Release|Any CPU
		{D6FE747B-D9E1-403B-9E3B-04D4A64A1560}.Release|Any CPU.Build.0 = Release|Any CPU
		{31BF71BA-B4F0-4B66-B8AE-1078B1F29DFF}.Debug|Any CPU.ActiveCfg = Debug|Any CPU
		{31BF71BA-B4F0-4B66-B8AE-1078B1F29DFF}.Debug|Any CPU.Build.0 = Debug|Any CPU
		{31BF71BA-B4F0-4B66-B8AE-1078B1F29DFF}.Release|Any CPU.ActiveCfg = Release|Any CPU
		{31BF71BA-B4F0-4B66-B8AE-1078B1F29DFF}.Release|Any CPU.Build.0 = Release|Any CPU
	EndGlobalSection
	GlobalSection(SolutionProperties) = preSolution
		HideSolutionNode = FALSE
	EndGlobalSection
	GlobalSection(ExtensibilityGlobals) = postSolution
		SolutionGuid = {235847F9-1C0E-4CAD-B375-AAA9A8BF3C89}
	EndGlobalSection
EndGlobal
